
Microsoft Visual Studio Solution File, Format Version 12.00
# Visual Studio 15
VisualStudioVersion = 15.0.26124.0
MinimumVisualStudioVersion = 15.0.26124.0
Project("{2150E333-8FDC-42A3-9474-1A3956D46DE8}") = "tests", "tests", "{548FBD65-7D8B-421F-BC51-97BEF69782E7}"
EndProject
Project("{FAE04EC0-301F-11D3-BF4B-00C04F79EFBC}") = "Memoyed.UnitTests", "tests\Memoyed.UnitTests\Memoyed.UnitTests.csproj", "{62323772-5CCA-4157-98C7-FAF6BA36A0C9}"
EndProject
Project("{2150E333-8FDC-42A3-9474-1A3956D46DE8}") = "src", "src", "{903364E1-008B-4020-8D94-67BAD33D24EA}"
EndProject
Project("{FAE04EC0-301F-11D3-BF4B-00C04F79EFBC}") = "Domain.Cards", "src\Domain.Cards\Domain.Cards.csproj", "{A6953920-91F0-43CD-822F-B54DF04D9E13}"
EndProject
Project("{FAE04EC0-301F-11D3-BF4B-00C04F79EFBC}") = "DomainFramework", "src\DomainFramework\DomainFramework.csproj", "{9CDE5934-D150-454B-AE84-C20728072756}"
EndProject
Project("{FAE04EC0-301F-11D3-BF4B-00C04F79EFBC}") = "Application", "src\Application\Application.csproj", "{15E3BA9A-53FE-457E-8807-6365FB7B76AB}"
EndProject
Project("{FAE04EC0-301F-11D3-BF4B-00C04F79EFBC}") = "Domain.Users", "src\Domain.Users\Domain.Users.csproj", "{7574FE88-797E-4639-848F-D9E7FE65C03E}"
EndProject
Project("{FAE04EC0-301F-11D3-BF4B-00C04F79EFBC}") = "WebApi", "src\WebApi\WebApi.csproj", "{A778FE8E-CFC4-4F6D-B6FD-2C476ED05161}"
EndProject
Project("{2150E333-8FDC-42A3-9474-1A3956D46DE8}") = "Domain", "Domain", "{0F15EEC0-9BCF-4A9E-8CA0-AFFFA422F321}"
EndProject
Project("{FAE04EC0-301F-11D3-BF4B-00C04F79EFBC}") = "Application.EntityFramework", "src\Application.EntityFramework\Application.EntityFramework.csproj", "{2FA97516-4764-4AE6-968E-F5CF635C961C}"
EndProject
Global
	GlobalSection(SolutionProperties) = preSolution
		HideSolutionNode = FALSE
	EndGlobalSection
	GlobalSection(SolutionConfigurationPlatforms) = preSolution
		Debug|Any CPU = Debug|Any CPU
		Debug|x64 = Debug|x64
		Debug|x86 = Debug|x86
		Release|Any CPU = Release|Any CPU
		Release|x64 = Release|x64
		Release|x86 = Release|x86
	EndGlobalSection
	GlobalSection(ProjectConfigurationPlatforms) = postSolution
		{62323772-5CCA-4157-98C7-FAF6BA36A0C9}.Debug|Any CPU.ActiveCfg = Debug|Any CPU
		{62323772-5CCA-4157-98C7-FAF6BA36A0C9}.Debug|Any CPU.Build.0 = Debug|Any CPU
		{62323772-5CCA-4157-98C7-FAF6BA36A0C9}.Debug|x64.ActiveCfg = Debug|Any CPU
		{62323772-5CCA-4157-98C7-FAF6BA36A0C9}.Debug|x64.Build.0 = Debug|Any CPU
		{62323772-5CCA-4157-98C7-FAF6BA36A0C9}.Debug|x86.ActiveCfg = Debug|Any CPU
		{62323772-5CCA-4157-98C7-FAF6BA36A0C9}.Debug|x86.Build.0 = Debug|Any CPU
		{62323772-5CCA-4157-98C7-FAF6BA36A0C9}.Release|Any CPU.ActiveCfg = Release|Any CPU
		{62323772-5CCA-4157-98C7-FAF6BA36A0C9}.Release|Any CPU.Build.0 = Release|Any CPU
		{62323772-5CCA-4157-98C7-FAF6BA36A0C9}.Release|x64.ActiveCfg = Release|Any CPU
		{62323772-5CCA-4157-98C7-FAF6BA36A0C9}.Release|x64.Build.0 = Release|Any CPU
		{62323772-5CCA-4157-98C7-FAF6BA36A0C9}.Release|x86.ActiveCfg = Release|Any CPU
		{62323772-5CCA-4157-98C7-FAF6BA36A0C9}.Release|x86.Build.0 = Release|Any CPU
		{A6953920-91F0-43CD-822F-B54DF04D9E13}.Debug|Any CPU.ActiveCfg = Debug|Any CPU
		{A6953920-91F0-43CD-822F-B54DF04D9E13}.Debug|Any CPU.Build.0 = Debug|Any CPU
		{A6953920-91F0-43CD-822F-B54DF04D9E13}.Debug|x64.ActiveCfg = Debug|Any CPU
		{A6953920-91F0-43CD-822F-B54DF04D9E13}.Debug|x64.Build.0 = Debug|Any CPU
		{A6953920-91F0-43CD-822F-B54DF04D9E13}.Debug|x86.ActiveCfg = Debug|Any CPU
		{A6953920-91F0-43CD-822F-B54DF04D9E13}.Debug|x86.Build.0 = Debug|Any CPU
		{A6953920-91F0-43CD-822F-B54DF04D9E13}.Release|Any CPU.ActiveCfg = Release|Any CPU
		{A6953920-91F0-43CD-822F-B54DF04D9E13}.Release|Any CPU.Build.0 = Release|Any CPU
		{A6953920-91F0-43CD-822F-B54DF04D9E13}.Release|x64.ActiveCfg = Release|Any CPU
		{A6953920-91F0-43CD-822F-B54DF04D9E13}.Release|x64.Build.0 = Release|Any CPU
		{A6953920-91F0-43CD-822F-B54DF04D9E13}.Release|x86.ActiveCfg = Release|Any CPU
		{A6953920-91F0-43CD-822F-B54DF04D9E13}.Release|x86.Build.0 = Release|Any CPU
		{9CDE5934-D150-454B-AE84-C20728072756}.Debug|Any CPU.ActiveCfg = Debug|Any CPU
		{9CDE5934-D150-454B-AE84-C20728072756}.Debug|Any CPU.Build.0 = Debug|Any CPU
		{9CDE5934-D150-454B-AE84-C20728072756}.Debug|x64.ActiveCfg = Debug|Any CPU
		{9CDE5934-D150-454B-AE84-C20728072756}.Debug|x64.Build.0 = Debug|Any CPU
		{9CDE5934-D150-454B-AE84-C20728072756}.Debug|x86.ActiveCfg = Debug|Any CPU
		{9CDE5934-D150-454B-AE84-C20728072756}.Debug|x86.Build.0 = Debug|Any CPU
		{9CDE5934-D150-454B-AE84-C20728072756}.Release|Any CPU.ActiveCfg = Release|Any CPU
		{9CDE5934-D150-454B-AE84-C20728072756}.Release|Any CPU.Build.0 = Release|Any CPU
		{9CDE5934-D150-454B-AE84-C20728072756}.Release|x64.ActiveCfg = Release|Any CPU
		{9CDE5934-D150-454B-AE84-C20728072756}.Release|x64.Build.0 = Release|Any CPU
		{9CDE5934-D150-454B-AE84-C20728072756}.Release|x86.ActiveCfg = Release|Any CPU
		{9CDE5934-D150-454B-AE84-C20728072756}.Release|x86.Build.0 = Release|Any CPU
		{15E3BA9A-53FE-457E-8807-6365FB7B76AB}.Debug|Any CPU.ActiveCfg = Debug|Any CPU
		{15E3BA9A-53FE-457E-8807-6365FB7B76AB}.Debug|Any CPU.Build.0 = Debug|Any CPU
		{15E3BA9A-53FE-457E-8807-6365FB7B76AB}.Debug|x64.ActiveCfg = Debug|Any CPU
		{15E3BA9A-53FE-457E-8807-6365FB7B76AB}.Debug|x64.Build.0 = Debug|Any CPU
		{15E3BA9A-53FE-457E-8807-6365FB7B76AB}.Debug|x86.ActiveCfg = Debug|Any CPU
		{15E3BA9A-53FE-457E-8807-6365FB7B76AB}.Debug|x86.Build.0 = Debug|Any CPU
		{15E3BA9A-53FE-457E-8807-6365FB7B76AB}.Release|Any CPU.ActiveCfg = Release|Any CPU
		{15E3BA9A-53FE-457E-8807-6365FB7B76AB}.Release|Any CPU.Build.0 = Release|Any CPU
		{15E3BA9A-53FE-457E-8807-6365FB7B76AB}.Release|x64.ActiveCfg = Release|Any CPU
		{15E3BA9A-53FE-457E-8807-6365FB7B76AB}.Release|x64.Build.0 = Release|Any CPU
		{15E3BA9A-53FE-457E-8807-6365FB7B76AB}.Release|x86.ActiveCfg = Release|Any CPU
		{15E3BA9A-53FE-457E-8807-6365FB7B76AB}.Release|x86.Build.0 = Release|Any CPU
		{7574FE88-797E-4639-848F-D9E7FE65C03E}.Debug|Any CPU.ActiveCfg = Debug|Any CPU
		{7574FE88-797E-4639-848F-D9E7FE65C03E}.Debug|Any CPU.Build.0 = Debug|Any CPU
		{7574FE88-797E-4639-848F-D9E7FE65C03E}.Debug|x64.ActiveCfg = Debug|Any CPU
		{7574FE88-797E-4639-848F-D9E7FE65C03E}.Debug|x64.Build.0 = Debug|Any CPU
		{7574FE88-797E-4639-848F-D9E7FE65C03E}.Debug|x86.ActiveCfg = Debug|Any CPU
		{7574FE88-797E-4639-848F-D9E7FE65C03E}.Debug|x86.Build.0 = Debug|Any CPU
		{7574FE88-797E-4639-848F-D9E7FE65C03E}.Release|Any CPU.ActiveCfg = Release|Any CPU
		{7574FE88-797E-4639-848F-D9E7FE65C03E}.Release|Any CPU.Build.0 = Release|Any CPU
		{7574FE88-797E-4639-848F-D9E7FE65C03E}.Release|x64.ActiveCfg = Release|Any CPU
		{7574FE88-797E-4639-848F-D9E7FE65C03E}.Release|x64.Build.0 = Release|Any CPU
		{7574FE88-797E-4639-848F-D9E7FE65C03E}.Release|x86.ActiveCfg = Release|Any CPU
		{7574FE88-797E-4639-848F-D9E7FE65C03E}.Release|x86.Build.0 = Release|Any CPU
		{A778FE8E-CFC4-4F6D-B6FD-2C476ED05161}.Debug|Any CPU.ActiveCfg = Debug|Any CPU
		{A778FE8E-CFC4-4F6D-B6FD-2C476ED05161}.Debug|Any CPU.Build.0 = Debug|Any CPU
		{A778FE8E-CFC4-4F6D-B6FD-2C476ED05161}.Debug|x64.ActiveCfg = Debug|Any CPU
		{A778FE8E-CFC4-4F6D-B6FD-2C476ED05161}.Debug|x64.Build.0 = Debug|Any CPU
		{A778FE8E-CFC4-4F6D-B6FD-2C476ED05161}.Debug|x86.ActiveCfg = Debug|Any CPU
		{A778FE8E-CFC4-4F6D-B6FD-2C476ED05161}.Debug|x86.Build.0 = Debug|Any CPU
		{A778FE8E-CFC4-4F6D-B6FD-2C476ED05161}.Release|Any CPU.ActiveCfg = Release|Any CPU
		{A778FE8E-CFC4-4F6D-B6FD-2C476ED05161}.Release|Any CPU.Build.0 = Release|Any CPU
		{A778FE8E-CFC4-4F6D-B6FD-2C476ED05161}.Release|x64.ActiveCfg = Release|Any CPU
		{A778FE8E-CFC4-4F6D-B6FD-2C476ED05161}.Release|x64.Build.0 = Release|Any CPU
		{A778FE8E-CFC4-4F6D-B6FD-2C476ED05161}.Release|x86.ActiveCfg = Release|Any CPU
		{A778FE8E-CFC4-4F6D-B6FD-2C476ED05161}.Release|x86.Build.0 = Release|Any CPU
		{2FA97516-4764-4AE6-968E-F5CF635C961C}.Debug|Any CPU.ActiveCfg = Debug|Any CPU
		{2FA97516-4764-4AE6-968E-F5CF635C961C}.Debug|Any CPU.Build.0 = Debug|Any CPU
		{2FA97516-4764-4AE6-968E-F5CF635C961C}.Debug|x64.ActiveCfg = Debug|Any CPU
		{2FA97516-4764-4AE6-968E-F5CF635C961C}.Debug|x64.Build.0 = Debug|Any CPU
		{2FA97516-4764-4AE6-968E-F5CF635C961C}.Debug|x86.ActiveCfg = Debug|Any CPU
		{2FA97516-4764-4AE6-968E-F5CF635C961C}.Debug|x86.Build.0 = Debug|Any CPU
		{2FA97516-4764-4AE6-968E-F5CF635C961C}.Release|Any CPU.ActiveCfg = Release|Any CPU
		{2FA97516-4764-4AE6-968E-F5CF635C961C}.Release|Any CPU.Build.0 = Release|Any CPU
		{2FA97516-4764-4AE6-968E-F5CF635C961C}.Release|x64.ActiveCfg = Release|Any CPU
		{2FA97516-4764-4AE6-968E-F5CF635C961C}.Release|x64.Build.0 = Release|Any CPU
		{2FA97516-4764-4AE6-968E-F5CF635C961C}.Release|x86.ActiveCfg = Release|Any CPU
		{2FA97516-4764-4AE6-968E-F5CF635C961C}.Release|x86.Build.0 = Release|Any CPU
	EndGlobalSection
	GlobalSection(NestedProjects) = preSolution
		{62323772-5CCA-4157-98C7-FAF6BA36A0C9} = {548FBD65-7D8B-421F-BC51-97BEF69782E7}
		{0F15EEC0-9BCF-4A9E-8CA0-AFFFA422F321} = {903364E1-008B-4020-8D94-67BAD33D24EA}
		{7574FE88-797E-4639-848F-D9E7FE65C03E} = {0F15EEC0-9BCF-4A9E-8CA0-AFFFA422F321}
		{A778FE8E-CFC4-4F6D-B6FD-2C476ED05161} = {903364E1-008B-4020-8D94-67BAD33D24EA}
		{15E3BA9A-53FE-457E-8807-6365FB7B76AB} = {903364E1-008B-4020-8D94-67BAD33D24EA}
		{A6953920-91F0-43CD-822F-B54DF04D9E13} = {0F15EEC0-9BCF-4A9E-8CA0-AFFFA422F321}
		{9CDE5934-D150-454B-AE84-C20728072756} = {0F15EEC0-9BCF-4A9E-8CA0-AFFFA422F321}
		{2FA97516-4764-4AE6-968E-F5CF635C961C} = {903364E1-008B-4020-8D94-67BAD33D24EA}
	EndGlobalSection
EndGlobal
